<?xml version="1.0" encoding="utf-8"?>
<Project ToolsVersion="4.0" xmlns="http://schemas.microsoft.com/developer/msbuild/2003">
  <ItemGroup>
    <CudaCompile Include="main.cu">
      <Filter>Source Files</Filter>
    </CudaCompile>
    <CudaCompile Include="kmeans_gpu.cu">
      <Filter>Source Files</Filter>
    </CudaCompile>
  </ItemGroup>
  <ItemGroup>
    <Filter Include="Header Files">
      <UniqueIdentifier>{6849531b-e94e-4435-ba45-2fa6c1e7929e}</UniqueIdentifier>
    </Filter>
    <Filter Include="Source Files">
      <UniqueIdentifier>{bbbd5341-50eb-419b-adb7-fd03ca386a3e}</UniqueIdentifier>
    </Filter>
  </ItemGroup>
  <ItemGroup>
    <ClInclude Include="kmeans_gpu.h">
      <Filter>Header Files</Filter>
    </ClInclude>
  </ItemGroup>
</Project>