<?xml version="1.0" encoding="utf-8"?>
<Project ToolsVersion="4.0" xmlns="http://schemas.microsoft.com/developer/msbuild/2003">
  <ItemGroup>
    <CudaCompile Include="main.cu">
      <Filter>Source Files</Filter>
    </CudaCompile>
    <CudaCompile Include="kpsmeans_gpu.cu">
      <Filter>Source Files</Filter>
    </CudaCompile>
  </ItemGroup>
  <ItemGroup>
    <Filter Include="Header Files">
      <UniqueIdentifier>{d2009ca5-7df5-4627-9ce3-b86090ecfec0}</UniqueIdentifier>
    </Filter>
    <Filter Include="Source Files">
      <UniqueIdentifier>{b595808e-5a01-4916-b89f-6454e101e0a3}</UniqueIdentifier>
    </Filter>
  </ItemGroup>
  <ItemGroup>
    <ClInclude Include="kpsmeans_gpu.h">
      <Filter>Header Files</Filter>
    </ClInclude>
  </ItemGroup>
</Project>